// !$*UTF8*$!
{
	archiveVersion = 1;
	classes = {
	};
	objectVersion = 50;
	objects = {

/* Begin PBXBuildFile section */
		333184B22153C92400D7DC9C /* PreparationMethod.swift in Sources */ = {isa = PBXBuildFile; fileRef = 333184B12153C92400D7DC9C /* PreparationMethod.swift */; };
		334C61292162C4D7008A6FEC /* PageViewController.swift in Sources */ = {isa = PBXBuildFile; fileRef = 334C61262162C4D7008A6FEC /* PageViewController.swift */; };
		334C612A2162C4D7008A6FEC /* ViewController.swift in Sources */ = {isa = PBXBuildFile; fileRef = 334C61272162C4D7008A6FEC /* ViewController.swift */; };
		334C612B2162C4D7008A6FEC /* BrewController.swift in Sources */ = {isa = PBXBuildFile; fileRef = 334C61282162C4D7008A6FEC /* BrewController.swift */; };
		334C61382162C764008A6FEC /* ViewController+Extensions.swift in Sources */ = {isa = PBXBuildFile; fileRef = 334C61372162C764008A6FEC /* ViewController+Extensions.swift */; };
		334C61402162C8A5008A6FEC /* LaunchScreen.storyboard in Resources */ = {isa = PBXBuildFile; fileRef = 334C613A2162C8A5008A6FEC /* LaunchScreen.storyboard */; };
		334C61412162C8A5008A6FEC /* Main.storyboard in Resources */ = {isa = PBXBuildFile; fileRef = 334C613C2162C8A5008A6FEC /* Main.storyboard */; };
		334C61432162C8A5008A6FEC /* Assets.xcassets in Resources */ = {isa = PBXBuildFile; fileRef = 334C613F2162C8A5008A6FEC /* Assets.xcassets */; };
		3353071120E801F10098CC10 /* AppDelegate.swift in Sources */ = {isa = PBXBuildFile; fileRef = 3353071020E801F10098CC10 /* AppDelegate.swift */; };
		33FD76122154E7FC002CE834 /* Constants.swift in Sources */ = {isa = PBXBuildFile; fileRef = 33FD76112154E7FC002CE834 /* Constants.swift */; };
/* End PBXBuildFile section */

/* Begin PBXContainerItemProxy section */
		3353072520E801F20098CC10 /* PBXContainerItemProxy */ = {
			isa = PBXContainerItemProxy;
			containerPortal = 3353070520E801F10098CC10 /* Project object */;
			proxyType = 1;
			remoteGlobalIDString = 3353070C20E801F10098CC10;
			remoteInfo = "Coffee!";
		};
/* End PBXContainerItemProxy section */

/* Begin PBXFileReference section */
		333184B12153C92400D7DC9C /* PreparationMethod.swift */ = {isa = PBXFileReference; lastKnownFileType = sourcecode.swift; path = PreparationMethod.swift; sourceTree = "<group>"; };
		334C61262162C4D7008A6FEC /* PageViewController.swift */ = {isa = PBXFileReference; fileEncoding = 4; lastKnownFileType = sourcecode.swift; name = PageViewController.swift; path = "Coffee!/ViewControllers/PageViewController.swift"; sourceTree = SOURCE_ROOT; };
		334C61272162C4D7008A6FEC /* ViewController.swift */ = {isa = PBXFileReference; fileEncoding = 4; lastKnownFileType = sourcecode.swift; name = ViewController.swift; path = "Coffee!/ViewControllers/ViewController.swift"; sourceTree = SOURCE_ROOT; };
		334C61282162C4D7008A6FEC /* BrewController.swift */ = {isa = PBXFileReference; fileEncoding = 4; lastKnownFileType = sourcecode.swift; name = BrewController.swift; path = "Coffee!/ViewControllers/BrewController.swift"; sourceTree = SOURCE_ROOT; };
		334C61372162C764008A6FEC /* ViewController+Extensions.swift */ = {isa = PBXFileReference; fileEncoding = 4; lastKnownFileType = sourcecode.swift; path = "ViewController+Extensions.swift"; sourceTree = "<group>"; };
		334C613B2162C8A5008A6FEC /* Base */ = {isa = PBXFileReference; lastKnownFileType = file.storyboard; name = Base; path = LaunchScreen.storyboard; sourceTree = "<group>"; };
		334C613D2162C8A5008A6FEC /* Base */ = {isa = PBXFileReference; lastKnownFileType = file.storyboard; name = Base; path = Main.storyboard; sourceTree = "<group>"; };
		334C613E2162C8A5008A6FEC /* Info.plist */ = {isa = PBXFileReference; fileEncoding = 4; lastKnownFileType = text.plist.xml; path = Info.plist; sourceTree = "<group>"; };
		334C613F2162C8A5008A6FEC /* Assets.xcassets */ = {isa = PBXFileReference; lastKnownFileType = folder.assetcatalog; path = Assets.xcassets; sourceTree = "<group>"; };
		3353070D20E801F10098CC10 /* Coffee!.app */ = {isa = PBXFileReference; explicitFileType = wrapper.application; includeInIndex = 0; path = "Coffee!.app"; sourceTree = BUILT_PRODUCTS_DIR; };
		3353071020E801F10098CC10 /* AppDelegate.swift */ = {isa = PBXFileReference; lastKnownFileType = sourcecode.swift; path = AppDelegate.swift; sourceTree = "<group>"; };
		3353072420E801F20098CC10 /* Coffee!Tests.xctest */ = {isa = PBXFileReference; explicitFileType = wrapper.cfbundle; includeInIndex = 0; path = "Coffee!Tests.xctest"; sourceTree = BUILT_PRODUCTS_DIR; };
		33FD76112154E7FC002CE834 /* Constants.swift */ = {isa = PBXFileReference; lastKnownFileType = sourcecode.swift; path = Constants.swift; sourceTree = "<group>"; };
/* End PBXFileReference section */

/* Begin PBXFrameworksBuildPhase section */
		3353070A20E801F10098CC10 /* Frameworks */ = {
			isa = PBXFrameworksBuildPhase;
			buildActionMask = 2147483647;
			files = (
			);
			runOnlyForDeploymentPostprocessing = 0;
		};
		3353072120E801F20098CC10 /* Frameworks */ = {
			isa = PBXFrameworksBuildPhase;
			buildActionMask = 2147483647;
			files = (
			);
			runOnlyForDeploymentPostprocessing = 0;
		};
/* End PBXFrameworksBuildPhase section */

/* Begin PBXGroup section */
		334C61252162C4B9008A6FEC /* ViewControllers */ = {
			isa = PBXGroup;
			children = (
				334C61282162C4D7008A6FEC /* BrewController.swift */,
				334C61262162C4D7008A6FEC /* PageViewController.swift */,
				334C61272162C4D7008A6FEC /* ViewController.swift */,
			);
			path = ViewControllers;
			sourceTree = "<group>";
		};
		334C612C2162C4FC008A6FEC /* Resource */ = {
			isa = PBXGroup;
			children = (
				334C613F2162C8A5008A6FEC /* Assets.xcassets */,
				334C61392162C8A5008A6FEC /* Base.lproj */,
				334C613E2162C8A5008A6FEC /* Info.plist */,
			);
			path = Resource;
			sourceTree = "<group>";
		};
		334C61362162C6FB008A6FEC /* Extensions */ = {
			isa = PBXGroup;
			children = (
				334C61372162C764008A6FEC /* ViewController+Extensions.swift */,
			);
			path = Extensions;
			sourceTree = "<group>";
		};
		334C61392162C8A5008A6FEC /* Base.lproj */ = {
			isa = PBXGroup;
			children = (
				334C613A2162C8A5008A6FEC /* LaunchScreen.storyboard */,
				334C613C2162C8A5008A6FEC /* Main.storyboard */,
			);
			path = Base.lproj;
			sourceTree = "<group>";
		};
		3353070420E801F10098CC10 = {
			isa = PBXGroup;
			children = (
				3353070F20E801F10098CC10 /* Coffee! */,
				3353070E20E801F10098CC10 /* Products */,
			);
			sourceTree = "<group>";
		};
		3353070E20E801F10098CC10 /* Products */ = {
			isa = PBXGroup;
			children = (
				3353070D20E801F10098CC10 /* Coffee!.app */,
				3353072420E801F20098CC10 /* Coffee!Tests.xctest */,
			);
			name = Products;
			sourceTree = "<group>";
		};
		3353070F20E801F10098CC10 /* Coffee! */ = {
			isa = PBXGroup;
			children = (
				334C612C2162C4FC008A6FEC /* Resource */,
				334C61252162C4B9008A6FEC /* ViewControllers */,
				3353071020E801F10098CC10 /* AppDelegate.swift */,
				334C61362162C6FB008A6FEC /* Extensions */,
				333184B12153C92400D7DC9C /* PreparationMethod.swift */,
				33FD76112154E7FC002CE834 /* Constants.swift */,
			);
			path = "Coffee!";
			sourceTree = "<group>";
		};
/* End PBXGroup section */

/* Begin PBXNativeTarget section */
		3353070C20E801F10098CC10 /* Coffee! */ = {
			isa = PBXNativeTarget;
			buildConfigurationList = 3353072D20E801F20098CC10 /* Build configuration list for PBXNativeTarget "Coffee!" */;
			buildPhases = (
				3353070920E801F10098CC10 /* Sources */,
				3353070A20E801F10098CC10 /* Frameworks */,
				3353070B20E801F10098CC10 /* Resources */,
			);
			buildRules = (
			);
			dependencies = (
			);
			name = "Coffee!";
			productName = "Coffee!";
			productReference = 3353070D20E801F10098CC10 /* Coffee!.app */;
			productType = "com.apple.product-type.application";
		};
		3353072320E801F20098CC10 /* Coffee!Tests */ = {
			isa = PBXNativeTarget;
			buildConfigurationList = 3353073020E801F20098CC10 /* Build configuration list for PBXNativeTarget "Coffee!Tests" */;
			buildPhases = (
				3353072020E801F20098CC10 /* Sources */,
				3353072120E801F20098CC10 /* Frameworks */,
				3353072220E801F20098CC10 /* Resources */,
			);
			buildRules = (
			);
			dependencies = (
				3353072620E801F20098CC10 /* PBXTargetDependency */,
			);
			name = "Coffee!Tests";
			productName = "Coffee!Tests";
			productReference = 3353072420E801F20098CC10 /* Coffee!Tests.xctest */;
			productType = "com.apple.product-type.bundle.unit-test";
		};
/* End PBXNativeTarget section */

/* Begin PBXProject section */
		3353070520E801F10098CC10 /* Project object */ = {
			isa = PBXProject;
			attributes = {
				LastSwiftUpdateCheck = 0940;
				LastUpgradeCheck = 0940;
				ORGANIZATIONNAME = "Hana Kaspříková";
				TargetAttributes = {
					3353070C20E801F10098CC10 = {
						CreatedOnToolsVersion = 9.4.1;
						LastSwiftMigration = 1000;
					};
					3353072320E801F20098CC10 = {
						CreatedOnToolsVersion = 9.4.1;
						TestTargetID = 3353070C20E801F10098CC10;
					};
				};
			};
			buildConfigurationList = 3353070820E801F10098CC10 /* Build configuration list for PBXProject "Coffee!" */;
			compatibilityVersion = "Xcode 9.3";
			developmentRegion = en;
			hasScannedForEncodings = 0;
			knownRegions = (
				en,
				Base,
			);
			mainGroup = 3353070420E801F10098CC10;
			productRefGroup = 3353070E20E801F10098CC10 /* Products */;
			projectDirPath = "";
			projectRoot = "";
			targets = (
				3353070C20E801F10098CC10 /* Coffee! */,
				3353072320E801F20098CC10 /* Coffee!Tests */,
			);
		};
/* End PBXProject section */

/* Begin PBXResourcesBuildPhase section */
		3353070B20E801F10098CC10 /* Resources */ = {
			isa = PBXResourcesBuildPhase;
			buildActionMask = 2147483647;
			files = (
				334C61402162C8A5008A6FEC /* LaunchScreen.storyboard in Resources */,
				334C61412162C8A5008A6FEC /* Main.storyboard in Resources */,
				334C61432162C8A5008A6FEC /* Assets.xcassets in Resources */,
			);
			runOnlyForDeploymentPostprocessing = 0;
		};
		3353072220E801F20098CC10 /* Resources */ = {
			isa = PBXResourcesBuildPhase;
			buildActionMask = 2147483647;
			files = (
			);
			runOnlyForDeploymentPostprocessing = 0;
		};
/* End PBXResourcesBuildPhase section */

/* Begin PBXSourcesBuildPhase section */
		3353070920E801F10098CC10 /* Sources */ = {
			isa = PBXSourcesBuildPhase;
			buildActionMask = 2147483647;
			files = (
				334C612A2162C4D7008A6FEC /* ViewController.swift in Sources */,
				333184B22153C92400D7DC9C /* PreparationMethod.swift in Sources */,
				3353071120E801F10098CC10 /* AppDelegate.swift in Sources */,
				334C612B2162C4D7008A6FEC /* BrewController.swift in Sources */,
				33FD76122154E7FC002CE834 /* Constants.swift in Sources */,
				334C61292162C4D7008A6FEC /* PageViewController.swift in Sources */,
				334C61382162C764008A6FEC /* ViewController+Extensions.swift in Sources */,
			);
			runOnlyForDeploymentPostprocessing = 0;
		};
		3353072020E801F20098CC10 /* Sources */ = {
			isa = PBXSourcesBuildPhase;
			buildActionMask = 2147483647;
			files = (
			);
			runOnlyForDeploymentPostprocessing = 0;
		};
/* End PBXSourcesBuildPhase section */

/* Begin PBXTargetDependency section */
		3353072620E801F20098CC10 /* PBXTargetDependency */ = {
			isa = PBXTargetDependency;
			target = 3353070C20E801F10098CC10 /* Coffee! */;
			targetProxy = 3353072520E801F20098CC10 /* PBXContainerItemProxy */;
		};
/* End PBXTargetDependency section */

/* Begin PBXVariantGroup section */
		334C613A2162C8A5008A6FEC /* LaunchScreen.storyboard */ = {
			isa = PBXVariantGroup;
			children = (
				334C613B2162C8A5008A6FEC /* Base */,
			);
			name = LaunchScreen.storyboard;
			sourceTree = "<group>";
		};
		334C613C2162C8A5008A6FEC /* Main.storyboard */ = {
			isa = PBXVariantGroup;
			children = (
				334C613D2162C8A5008A6FEC /* Base */,
			);
			name = Main.storyboard;
			sourceTree = "<group>";
		};
/* End PBXVariantGroup section */

/* Begin XCBuildConfiguration section */
		3353072B20E801F20098CC10 /* Debug */ = {
			isa = XCBuildConfiguration;
			buildSettings = {
				ALWAYS_SEARCH_USER_PATHS = NO;
				CLANG_ANALYZER_NONNULL = YES;
				CLANG_ANALYZER_NUMBER_OBJECT_CONVERSION = YES_AGGRESSIVE;
				CLANG_CXX_LANGUAGE_STANDARD = "gnu++14";
				CLANG_CXX_LIBRARY = "libc++";
				CLANG_ENABLE_MODULES = YES;
				CLANG_ENABLE_OBJC_ARC = YES;
				CLANG_ENABLE_OBJC_WEAK = YES;
				CLANG_WARN_BLOCK_CAPTURE_AUTORELEASING = YES;
				CLANG_WARN_BOOL_CONVERSION = YES;
				CLANG_WARN_COMMA = YES;
				CLANG_WARN_CONSTANT_CONVERSION = YES;
				CLANG_WARN_DEPRECATED_OBJC_IMPLEMENTATIONS = YES;
				CLANG_WARN_DIRECT_OBJC_ISA_USAGE = YES_ERROR;
				CLANG_WARN_DOCUMENTATION_COMMENTS = YES;
				CLANG_WARN_EMPTY_BODY = YES;
				CLANG_WARN_ENUM_CONVERSION = YES;
				CLANG_WARN_INFINITE_RECURSION = YES;
				CLANG_WARN_INT_CONVERSION = YES;
				CLANG_WARN_NON_LITERAL_NULL_CONVERSION = YES;
				CLANG_WARN_OBJC_IMPLICIT_RETAIN_SELF = YES;
				CLANG_WARN_OBJC_LITERAL_CONVERSION = YES;
				CLANG_WARN_OBJC_ROOT_CLASS = YES_ERROR;
				CLANG_WARN_RANGE_LOOP_ANALYSIS = YES;
				CLANG_WARN_STRICT_PROTOTYPES = YES;
				CLANG_WARN_SUSPICIOUS_MOVE = YES;
				CLANG_WARN_UNGUARDED_AVAILABILITY = YES_AGGRESSIVE;
				CLANG_WARN_UNREACHABLE_CODE = YES;
				CLANG_WARN__DUPLICATE_METHOD_MATCH = YES;
				CODE_SIGN_IDENTITY = "iPhone Developer";
				COPY_PHASE_STRIP = NO;
				DEBUG_INFORMATION_FORMAT = dwarf;
				ENABLE_STRICT_OBJC_MSGSEND = YES;
				ENABLE_TESTABILITY = YES;
				GCC_C_LANGUAGE_STANDARD = gnu11;
				GCC_DYNAMIC_NO_PIC = NO;
				GCC_NO_COMMON_BLOCKS = YES;
				GCC_OPTIMIZATION_LEVEL = 0;
				GCC_PREPROCESSOR_DEFINITIONS = (
					"DEBUG=1",
					"$(inherited)",
				);
				GCC_WARN_64_TO_32_BIT_CONVERSION = YES;
				GCC_WARN_ABOUT_RETURN_TYPE = YES_ERROR;
				GCC_WARN_UNDECLARED_SELECTOR = YES;
				GCC_WARN_UNINITIALIZED_AUTOS = YES_AGGRESSIVE;
				GCC_WARN_UNUSED_FUNCTION = YES;
				GCC_WARN_UNUSED_VARIABLE = YES;
				IPHONEOS_DEPLOYMENT_TARGET = 11.4;
				MTL_ENABLE_DEBUG_INFO = YES;
				ONLY_ACTIVE_ARCH = YES;
				SDKROOT = iphoneos;
				SWIFT_ACTIVE_COMPILATION_CONDITIONS = DEBUG;
				SWIFT_OPTIMIZATION_LEVEL = "-Onone";
			};
			name = Debug;
		};
		3353072C20E801F20098CC10 /* Release */ = {
			isa = XCBuildConfiguration;
			buildSettings = {
				ALWAYS_SEARCH_USER_PATHS = NO;
				CLANG_ANALYZER_NONNULL = YES;
				CLANG_ANALYZER_NUMBER_OBJECT_CONVERSION = YES_AGGRESSIVE;
				CLANG_CXX_LANGUAGE_STANDARD = "gnu++14";
				CLANG_CXX_LIBRARY = "libc++";
				CLANG_ENABLE_MODULES = YES;
				CLANG_ENABLE_OBJC_ARC = YES;
				CLANG_ENABLE_OBJC_WEAK = YES;
				CLANG_WARN_BLOCK_CAPTURE_AUTORELEASING = YES;
				CLANG_WARN_BOOL_CONVERSION = YES;
				CLANG_WARN_COMMA = YES;
				CLANG_WARN_CONSTANT_CONVERSION = YES;
				CLANG_WARN_DEPRECATED_OBJC_IMPLEMENTATIONS = YES;
				CLANG_WARN_DIRECT_OBJC_ISA_USAGE = YES_ERROR;
				CLANG_WARN_DOCUMENTATION_COMMENTS = YES;
				CLANG_WARN_EMPTY_BODY = YES;
				CLANG_WARN_ENUM_CONVERSION = YES;
				CLANG_WARN_INFINITE_RECURSION = YES;
				CLANG_WARN_INT_CONVERSION = YES;
				CLANG_WARN_NON_LITERAL_NULL_CONVERSION = YES;
				CLANG_WARN_OBJC_IMPLICIT_RETAIN_SELF = YES;
				CLANG_WARN_OBJC_LITERAL_CONVERSION = YES;
				CLANG_WARN_OBJC_ROOT_CLASS = YES_ERROR;
				CLANG_WARN_RANGE_LOOP_ANALYSIS = YES;
				CLANG_WARN_STRICT_PROTOTYPES = YES;
				CLANG_WARN_SUSPICIOUS_MOVE = YES;
				CLANG_WARN_UNGUARDED_AVAILABILITY = YES_AGGRESSIVE;
				CLANG_WARN_UNREACHABLE_CODE = YES;
				CLANG_WARN__DUPLICATE_METHOD_MATCH = YES;
				CODE_SIGN_IDENTITY = "iPhone Developer";
				COPY_PHASE_STRIP = NO;
				DEBUG_INFORMATION_FORMAT = "dwarf-with-dsym";
				ENABLE_NS_ASSERTIONS = NO;
				ENABLE_STRICT_OBJC_MSGSEND = YES;
				GCC_C_LANGUAGE_STANDARD = gnu11;
				GCC_NO_COMMON_BLOCKS = YES;
				GCC_WARN_64_TO_32_BIT_CONVERSION = YES;
				GCC_WARN_ABOUT_RETURN_TYPE = YES_ERROR;
				GCC_WARN_UNDECLARED_SELECTOR = YES;
				GCC_WARN_UNINITIALIZED_AUTOS = YES_AGGRESSIVE;
				GCC_WARN_UNUSED_FUNCTION = YES;
				GCC_WARN_UNUSED_VARIABLE = YES;
				IPHONEOS_DEPLOYMENT_TARGET = 11.4;
				MTL_ENABLE_DEBUG_INFO = NO;
				SDKROOT = iphoneos;
				SWIFT_COMPILATION_MODE = wholemodule;
				SWIFT_OPTIMIZATION_LEVEL = "-O";
				VALIDATE_PRODUCT = YES;
			};
			name = Release;
		};
		3353072E20E801F20098CC10 /* Debug */ = {
			isa = XCBuildConfiguration;
			buildSettings = {
				ASSETCATALOG_COMPILER_APPICON_NAME = AppIcon;
				CODE_SIGN_STYLE = Automatic;
				DEVELOPMENT_TEAM = 9U26HHZE2X;
				INFOPLIST_FILE = "$(SRCROOT)/Coffee!/Resource/Info.plist";
				LD_RUNPATH_SEARCH_PATHS = (
					"$(inherited)",
					"@executable_path/Frameworks",
				);
				PRODUCT_BUNDLE_IDENTIFIER = com.example.CoffeeApp;
				PRODUCT_NAME = "$(TARGET_NAME)";
				SWIFT_VERSION = 4.2;
				TARGETED_DEVICE_FAMILY = 1;
			};
			name = Debug;
		};
		3353072F20E801F20098CC10 /* Release */ = {
			isa = XCBuildConfiguration;
			buildSettings = {
				ASSETCATALOG_COMPILER_APPICON_NAME = AppIcon;
				CODE_SIGN_STYLE = Automatic;
				DEVELOPMENT_TEAM = 9U26HHZE2X;
				INFOPLIST_FILE = "$(SRCROOT)/Coffee!/Resource/Info.plist";
				LD_RUNPATH_SEARCH_PATHS = (
					"$(inherited)",
					"@executable_path/Frameworks",
				);
				PRODUCT_BUNDLE_IDENTIFIER = com.example.CoffeeApp;
				PRODUCT_NAME = "$(TARGET_NAME)";
				SWIFT_VERSION = 4.2;
				TARGETED_DEVICE_FAMILY = 1;
			};
			name = Release;
		};
		3353073120E801F20098CC10 /* Debug */ = {
			isa = XCBuildConfiguration;
			buildSettings = {
				ALWAYS_EMBED_SWIFT_STANDARD_LIBRARIES = YES;
				BUNDLE_LOADER = "$(TEST_HOST)";
				CODE_SIGN_STYLE = Automatic;
				INFOPLIST_FILE = "Coffee!Tests/Info.plist";
				LD_RUNPATH_SEARCH_PATHS = (
					"$(inherited)",
					"@executable_path/Frameworks",
					"@loader_path/Frameworks",
				);
				PRODUCT_BUNDLE_IDENTIFIER = "com.example.Coffee-Tests";
				PRODUCT_NAME = "$(TARGET_NAME)";
				SWIFT_VERSION = 4.0;
				TARGETED_DEVICE_FAMILY = "1,2";
				TEST_HOST = "$(BUILT_PRODUCTS_DIR)/Coffee!.app/Coffee!";
			};
			name = Debug;
		};
		3353073220E801F20098CC10 /* Release */ = {
			isa = XCBuildConfiguration;
			buildSettings = {
				ALWAYS_EMBED_SWIFT_STANDARD_LIBRARIES = YES;
				BUNDLE_LOADER = "$(TEST_HOST)";
				CODE_SIGN_STYLE = Automatic;
				INFOPLIST_FILE = "Coffee!Tests/Info.plist";
				LD_RUNPATH_SEARCH_PATHS = (
					"$(inherited)",
					"@executable_path/Frameworks",
					"@loader_path/Frameworks",
				);
				PRODUCT_BUNDLE_IDENTIFIER = "com.example.Coffee-Tests";
				PRODUCT_NAME = "$(TARGET_NAME)";
				SWIFT_VERSION = 4.0;
				TARGETED_DEVICE_FAMILY = "1,2";
				TEST_HOST = "$(BUILT_PRODUCTS_DIR)/Coffee!.app/Coffee!";
			};
			name = Release;
		};
/* End XCBuildConfiguration section */

/* Begin XCConfigurationList section */
		3353070820E801F10098CC10 /* Build configuration list for PBXProject "Coffee!" */ = {
			isa = XCConfigurationList;
			buildConfigurations = (
				3353072B20E801F20098CC10 /* Debug */,
				3353072C20E801F20098CC10 /* Release */,
			);
			defaultConfigurationIsVisible = 0;
			defaultConfigurationName = Release;
		};
		3353072D20E801F20098CC10 /* Build configuration list for PBXNativeTarget "Coffee!" */ = {
			isa = XCConfigurationList;
			buildConfigurations = (
				3353072E20E801F20098CC10 /* Debug */,
				3353072F20E801F20098CC10 /* Release */,
			);
			defaultConfigurationIsVisible = 0;
			defaultConfigurationName = Release;
		};
		3353073020E801F20098CC10 /* Build configuration list for PBXNativeTarget "Coffee!Tests" */ = {
			isa = XCConfigurationList;
			buildConfigurations = (
				3353073120E801F20098CC10 /* Debug */,
				3353073220E801F20098CC10 /* Release */,
			);
			defaultConfigurationIsVisible = 0;
			defaultConfigurationName = Release;
		};
/* End XCConfigurationList section */
	};
	rootObject = 3353070520E801F10098CC10 /* Project object */;
}
