// !$*UTF8*$!
{
	archiveVersion = 1;
	classes = {
	};
	objectVersion = 50;
	objects = {

/* Begin PBXBuildFile section */
		3353071120E801F10098CC10 /* AppDelegate.swift in Sources */ = {isa = PBXBuildFile; fileRef = 3353071020E801F10098CC10 /* AppDelegate.swift */; };
		3353071320E801F10098CC10 /* ViewController.swift in Sources */ = {isa = PBXBuildFile; fileRef = 3353071220E801F10098CC10 /* ViewController.swift */; };
		3353071620E801F10098CC10 /* Main.storyboard in Resources */ = {isa = PBXBuildFile; fileRef = 3353071420E801F10098CC10 /* Main.storyboard */; };
		3353071920E801F10098CC10 /* Coffee_.xcdatamodeld in Sources */ = {isa = PBXBuildFile; fileRef = 3353071720E801F10098CC10 /* Coffee_.xcdatamodeld */; };
		3353071B20E801F20098CC10 /* Assets.xcassets in Resources */ = {isa = PBXBuildFile; fileRef = 3353071A20E801F20098CC10 /* Assets.xcassets */; };
		3353071E20E801F20098CC10 /* LaunchScreen.storyboard in Resources */ = {isa = PBXBuildFile; fileRef = 3353071C20E801F20098CC10 /* LaunchScreen.storyboard */; };
		338AF346211C55E200814528 /* BrewController.swift in Sources */ = {isa = PBXBuildFile; fileRef = 338AF345211C55E200814528 /* BrewController.swift */; };
		87E7A276D8F497FA32F13203 /* Pods_Coffee_.framework in Frameworks */ = {isa = PBXBuildFile; fileRef = 5AD8830FEBC935082377DE45 /* Pods_Coffee_.framework */; };
/* End PBXBuildFile section */

/* Begin PBXContainerItemProxy section */
		3353072520E801F20098CC10 /* PBXContainerItemProxy */ = {
			isa = PBXContainerItemProxy;
			containerPortal = 3353070520E801F10098CC10 /* Project object */;
			proxyType = 1;
			remoteGlobalIDString = 3353070C20E801F10098CC10;
			remoteInfo = "Coffee!";
		};
/* End PBXContainerItemProxy section */

/* Begin PBXFileReference section */
		3353070D20E801F10098CC10 /* Coffee!.app */ = {isa = PBXFileReference; explicitFileType = wrapper.application; includeInIndex = 0; path = "Coffee!.app"; sourceTree = BUILT_PRODUCTS_DIR; };
		3353071020E801F10098CC10 /* AppDelegate.swift */ = {isa = PBXFileReference; lastKnownFileType = sourcecode.swift; path = AppDelegate.swift; sourceTree = "<group>"; };
		3353071220E801F10098CC10 /* ViewController.swift */ = {isa = PBXFileReference; lastKnownFileType = sourcecode.swift; path = ViewController.swift; sourceTree = "<group>"; };
		3353071520E801F10098CC10 /* Base */ = {isa = PBXFileReference; lastKnownFileType = file.storyboard; name = Base; path = Base.lproj/Main.storyboard; sourceTree = "<group>"; };
		3353071820E801F10098CC10 /* Coffee_.xcdatamodel */ = {isa = PBXFileReference; lastKnownFileType = wrapper.xcdatamodel; path = Coffee_.xcdatamodel; sourceTree = "<group>"; };
		3353071A20E801F20098CC10 /* Assets.xcassets */ = {isa = PBXFileReference; lastKnownFileType = folder.assetcatalog; path = Assets.xcassets; sourceTree = "<group>"; };
		3353071D20E801F20098CC10 /* Base */ = {isa = PBXFileReference; lastKnownFileType = file.storyboard; name = Base; path = Base.lproj/LaunchScreen.storyboard; sourceTree = "<group>"; };
		3353071F20E801F20098CC10 /* Info.plist */ = {isa = PBXFileReference; lastKnownFileType = text.plist.xml; path = Info.plist; sourceTree = "<group>"; };
		3353072420E801F20098CC10 /* Coffee!Tests.xctest */ = {isa = PBXFileReference; explicitFileType = wrapper.cfbundle; includeInIndex = 0; path = "Coffee!Tests.xctest"; sourceTree = BUILT_PRODUCTS_DIR; };
		338AF345211C55E200814528 /* BrewController.swift */ = {isa = PBXFileReference; lastKnownFileType = sourcecode.swift; path = BrewController.swift; sourceTree = "<group>"; };
		5AD8830FEBC935082377DE45 /* Pods_Coffee_.framework */ = {isa = PBXFileReference; explicitFileType = wrapper.framework; includeInIndex = 0; path = Pods_Coffee_.framework; sourceTree = BUILT_PRODUCTS_DIR; };
		5AF25A35CA962E95F2B29390 /* Pods-Coffee!.release.xcconfig */ = {isa = PBXFileReference; includeInIndex = 1; lastKnownFileType = text.xcconfig; name = "Pods-Coffee!.release.xcconfig"; path = "Pods/Target Support Files/Pods-Coffee!/Pods-Coffee!.release.xcconfig"; sourceTree = "<group>"; };
		A82100CB99CBB2E956BB684F /* Pods-Coffee!.debug.xcconfig */ = {isa = PBXFileReference; includeInIndex = 1; lastKnownFileType = text.xcconfig; name = "Pods-Coffee!.debug.xcconfig"; path = "Pods/Target Support Files/Pods-Coffee!/Pods-Coffee!.debug.xcconfig"; sourceTree = "<group>"; };
/* End PBXFileReference section */

/* Begin PBXFrameworksBuildPhase section */
		3353070A20E801F10098CC10 /* Frameworks */ = {
			isa = PBXFrameworksBuildPhase;
			buildActionMask = 2147483647;
			files = (
				87E7A276D8F497FA32F13203 /* Pods_Coffee_.framework in Frameworks */,
			);
			runOnlyForDeploymentPostprocessing = 0;
		};
		3353072120E801F20098CC10 /* Frameworks */ = {
			isa = PBXFrameworksBuildPhase;
			buildActionMask = 2147483647;
			files = (
			);
			runOnlyForDeploymentPostprocessing = 0;
		};
/* End PBXFrameworksBuildPhase section */

/* Begin PBXGroup section */
		0C3D7DF560FD03EB8FE2F776 /* Frameworks */ = {
			isa = PBXGroup;
			children = (
				5AD8830FEBC935082377DE45 /* Pods_Coffee_.framework */,
			);
			name = Frameworks;
			sourceTree = "<group>";
		};
		3353070420E801F10098CC10 = {
			isa = PBXGroup;
			children = (
				3353070F20E801F10098CC10 /* Coffee! */,
				3353070E20E801F10098CC10 /* Products */,
				E8FEA93031FF1A485539D15A /* Pods */,
				0C3D7DF560FD03EB8FE2F776 /* Frameworks */,
			);
			sourceTree = "<group>";
		};
		3353070E20E801F10098CC10 /* Products */ = {
			isa = PBXGroup;
			children = (
				3353070D20E801F10098CC10 /* Coffee!.app */,
				3353072420E801F20098CC10 /* Coffee!Tests.xctest */,
			);
			name = Products;
			sourceTree = "<group>";
		};
		3353070F20E801F10098CC10 /* Coffee! */ = {
			isa = PBXGroup;
			children = (
				3353071020E801F10098CC10 /* AppDelegate.swift */,
				3353071220E801F10098CC10 /* ViewController.swift */,
				338AF345211C55E200814528 /* BrewController.swift */,
				3353071420E801F10098CC10 /* Main.storyboard */,
				3353071A20E801F20098CC10 /* Assets.xcassets */,
				3353071C20E801F20098CC10 /* LaunchScreen.storyboard */,
				3353071F20E801F20098CC10 /* Info.plist */,
				3353071720E801F10098CC10 /* Coffee_.xcdatamodeld */,
			);
			path = "Coffee!";
			sourceTree = "<group>";
		};
		E8FEA93031FF1A485539D15A /* Pods */ = {
			isa = PBXGroup;
			children = (
				A82100CB99CBB2E956BB684F /* Pods-Coffee!.debug.xcconfig */,
				5AF25A35CA962E95F2B29390 /* Pods-Coffee!.release.xcconfig */,
			);
			name = Pods;
			sourceTree = "<group>";
		};
/* End PBXGroup section */

/* Begin PBXNativeTarget section */
		3353070C20E801F10098CC10 /* Coffee! */ = {
			isa = PBXNativeTarget;
			buildConfigurationList = 3353072D20E801F20098CC10 /* Build configuration list for PBXNativeTarget "Coffee!" */;
			buildPhases = (
				04E90C1E24C187FF01A57C79 /* [CP] Check Pods Manifest.lock */,
				3353070920E801F10098CC10 /* Sources */,
				3353070A20E801F10098CC10 /* Frameworks */,
				3353070B20E801F10098CC10 /* Resources */,
				FD234AB4DBA64EC58F12D0B3 /* [CP] Embed Pods Frameworks */,
			);
			buildRules = (
			);
			dependencies = (
			);
			name = "Coffee!";
			productName = "Coffee!";
			productReference = 3353070D20E801F10098CC10 /* Coffee!.app */;
			productType = "com.apple.product-type.application";
		};
		3353072320E801F20098CC10 /* Coffee!Tests */ = {
			isa = PBXNativeTarget;
			buildConfigurationList = 3353073020E801F20098CC10 /* Build configuration list for PBXNativeTarget "Coffee!Tests" */;
			buildPhases = (
				3353072020E801F20098CC10 /* Sources */,
				3353072120E801F20098CC10 /* Frameworks */,
				3353072220E801F20098CC10 /* Resources */,
			);
			buildRules = (
			);
			dependencies = (
				3353072620E801F20098CC10 /* PBXTargetDependency */,
			);
			name = "Coffee!Tests";
			productName = "Coffee!Tests";
			productReference = 3353072420E801F20098CC10 /* Coffee!Tests.xctest */;
			productType = "com.apple.product-type.bundle.unit-test";
		};
/* End PBXNativeTarget section */

/* Begin PBXProject section */
		3353070520E801F10098CC10 /* Project object */ = {
			isa = PBXProject;
			attributes = {
				LastSwiftUpdateCheck = 0940;
				LastUpgradeCheck = 0940;
				ORGANIZATIONNAME = "Hana Kaspříková";
				TargetAttributes = {
					3353070C20E801F10098CC10 = {
						CreatedOnToolsVersion = 9.4.1;
					};
					3353072320E801F20098CC10 = {
						CreatedOnToolsVersion = 9.4.1;
						TestTargetID = 3353070C20E801F10098CC10;
					};
				};
			};
			buildConfigurationList = 3353070820E801F10098CC10 /* Build configuration list for PBXProject "Coffee!" */;
			compatibilityVersion = "Xcode 9.3";
			developmentRegion = en;
			hasScannedForEncodings = 0;
			knownRegions = (
				en,
				Base,
			);
			mainGroup = 3353070420E801F10098CC10;
			productRefGroup = 3353070E20E801F10098CC10 /* Products */;
			projectDirPath = "";
			projectRoot = "";
			targets = (
				3353070C20E801F10098CC10 /* Coffee! */,
				3353072320E801F20098CC10 /* Coffee!Tests */,
			);
		};
/* End PBXProject section */

/* Begin PBXResourcesBuildPhase section */
		3353070B20E801F10098CC10 /* Resources */ = {
			isa = PBXResourcesBuildPhase;
			buildActionMask = 2147483647;
			files = (
				3353071E20E801F20098CC10 /* LaunchScreen.storyboard in Resources */,
				3353071B20E801F20098CC10 /* Assets.xcassets in Resources */,
				3353071620E801F10098CC10 /* Main.storyboard in Resources */,
			);
			runOnlyForDeploymentPostprocessing = 0;
		};
		3353072220E801F20098CC10 /* Resources */ = {
			isa = PBXResourcesBuildPhase;
			buildActionMask = 2147483647;
			files = (
			);
			runOnlyForDeploymentPostprocessing = 0;
		};
/* End PBXResourcesBuildPhase section */

/* Begin PBXShellScriptBuildPhase section */
		04E90C1E24C187FF01A57C79 /* [CP] Check Pods Manifest.lock */ = {
			isa = PBXShellScriptBuildPhase;
			buildActionMask = 2147483647;
			files = (
			);
			inputPaths = (
				"${PODS_PODFILE_DIR_PATH}/Podfile.lock",
				"${PODS_ROOT}/Manifest.lock",
			);
			name = "[CP] Check Pods Manifest.lock";
			outputPaths = (
				"$(DERIVED_FILE_DIR)/Pods-Coffee!-checkManifestLockResult.txt",
			);
			runOnlyForDeploymentPostprocessing = 0;
			shellPath = /bin/sh;
			shellScript = "diff \"${PODS_PODFILE_DIR_PATH}/Podfile.lock\" \"${PODS_ROOT}/Manifest.lock\" > /dev/null\nif [ $? != 0 ] ; then\n    # print error to STDERR\n    echo \"error: The sandbox is not in sync with the Podfile.lock. Run 'pod install' or update your CocoaPods installation.\" >&2\n    exit 1\nfi\n# This output is used by Xcode 'outputs' to avoid re-running this script phase.\necho \"SUCCESS\" > \"${SCRIPT_OUTPUT_FILE_0}\"\n";
			showEnvVarsInLog = 0;
		};
		FD234AB4DBA64EC58F12D0B3 /* [CP] Embed Pods Frameworks */ = {
			isa = PBXShellScriptBuildPhase;
			buildActionMask = 2147483647;
			files = (
			);
			inputPaths = (
				"${SRCROOT}/Pods/Target Support Files/Pods-Coffee!/Pods-Coffee!-frameworks.sh",
				"${BUILT_PRODUCTS_DIR}/IQKeyboardManagerSwift/IQKeyboardManagerSwift.framework",
				"${BUILT_PRODUCTS_DIR}/Toast-Swift/Toast_Swift.framework",
			);
			name = "[CP] Embed Pods Frameworks";
			outputPaths = (
				"${TARGET_BUILD_DIR}/${FRAMEWORKS_FOLDER_PATH}/IQKeyboardManagerSwift.framework",
				"${TARGET_BUILD_DIR}/${FRAMEWORKS_FOLDER_PATH}/Toast_Swift.framework",
			);
			runOnlyForDeploymentPostprocessing = 0;
			shellPath = /bin/sh;
			shellScript = "\"${SRCROOT}/Pods/Target Support Files/Pods-Coffee!/Pods-Coffee!-frameworks.sh\"\n";
			showEnvVarsInLog = 0;
		};
/* End PBXShellScriptBuildPhase section */

/* Begin PBXSourcesBuildPhase section */
		3353070920E801F10098CC10 /* Sources */ = {
			isa = PBXSourcesBuildPhase;
			buildActionMask = 2147483647;
			files = (
				3353071320E801F10098CC10 /* ViewController.swift in Sources */,
				3353071920E801F10098CC10 /* Coffee_.xcdatamodeld in Sources */,
				3353071120E801F10098CC10 /* AppDelegate.swift in Sources */,
				338AF346211C55E200814528 /* BrewController.swift in Sources */,
			);
			runOnlyForDeploymentPostprocessing = 0;
		};
		3353072020E801F20098CC10 /* Sources */ = {
			isa = PBXSourcesBuildPhase;
			buildActionMask = 2147483647;
			files = (
			);
			runOnlyForDeploymentPostprocessing = 0;
		};
/* End PBXSourcesBuildPhase section */

/* Begin PBXTargetDependency section */
		3353072620E801F20098CC10 /* PBXTargetDependency */ = {
			isa = PBXTargetDependency;
			target = 3353070C20E801F10098CC10 /* Coffee! */;
			targetProxy = 3353072520E801F20098CC10 /* PBXContainerItemProxy */;
		};
/* End PBXTargetDependency section */

/* Begin PBXVariantGroup section */
		3353071420E801F10098CC10 /* Main.storyboard */ = {
			isa = PBXVariantGroup;
			children = (
				3353071520E801F10098CC10 /* Base */,
			);
			name = Main.storyboard;
			sourceTree = "<group>";
		};
		3353071C20E801F20098CC10 /* LaunchScreen.storyboard */ = {
			isa = PBXVariantGroup;
			children = (
				3353071D20E801F20098CC10 /* Base */,
			);
			name = LaunchScreen.storyboard;
			sourceTree = "<group>";
		};
/* End PBXVariantGroup section */

/* Begin XCBuildConfiguration section */
		3353072B20E801F20098CC10 /* Debug */ = {
			isa = XCBuildConfiguration;
			buildSettings = {
				ALWAYS_SEARCH_USER_PATHS = NO;
				CLANG_ANALYZER_NONNULL = YES;
				CLANG_ANALYZER_NUMBER_OBJECT_CONVERSION = YES_AGGRESSIVE;
				CLANG_CXX_LANGUAGE_STANDARD = "gnu++14";
				CLANG_CXX_LIBRARY = "libc++";
				CLANG_ENABLE_MODULES = YES;
				CLANG_ENABLE_OBJC_ARC = YES;
				CLANG_ENABLE_OBJC_WEAK = YES;
				CLANG_WARN_BLOCK_CAPTURE_AUTORELEASING = YES;
				CLANG_WARN_BOOL_CONVERSION = YES;
				CLANG_WARN_COMMA = YES;
				CLANG_WARN_CONSTANT_CONVERSION = YES;
				CLANG_WARN_DEPRECATED_OBJC_IMPLEMENTATIONS = YES;
				CLANG_WARN_DIRECT_OBJC_ISA_USAGE = YES_ERROR;
				CLANG_WARN_DOCUMENTATION_COMMENTS = YES;
				CLANG_WARN_EMPTY_BODY = YES;
				CLANG_WARN_ENUM_CONVERSION = YES;
				CLANG_WARN_INFINITE_RECURSION = YES;
				CLANG_WARN_INT_CONVERSION = YES;
				CLANG_WARN_NON_LITERAL_NULL_CONVERSION = YES;
				CLANG_WARN_OBJC_IMPLICIT_RETAIN_SELF = YES;
				CLANG_WARN_OBJC_LITERAL_CONVERSION = YES;
				CLANG_WARN_OBJC_ROOT_CLASS = YES_ERROR;
				CLANG_WARN_RANGE_LOOP_ANALYSIS = YES;
				CLANG_WARN_STRICT_PROTOTYPES = YES;
				CLANG_WARN_SUSPICIOUS_MOVE = YES;
				CLANG_WARN_UNGUARDED_AVAILABILITY = YES_AGGRESSIVE;
				CLANG_WARN_UNREACHABLE_CODE = YES;
				CLANG_WARN__DUPLICATE_METHOD_MATCH = YES;
				CODE_SIGN_IDENTITY = "iPhone Developer";
				COPY_PHASE_STRIP = NO;
				DEBUG_INFORMATION_FORMAT = dwarf;
				ENABLE_STRICT_OBJC_MSGSEND = YES;
				ENABLE_TESTABILITY = YES;
				GCC_C_LANGUAGE_STANDARD = gnu11;
				GCC_DYNAMIC_NO_PIC = NO;
				GCC_NO_COMMON_BLOCKS = YES;
				GCC_OPTIMIZATION_LEVEL = 0;
				GCC_PREPROCESSOR_DEFINITIONS = (
					"DEBUG=1",
					"$(inherited)",
				);
				GCC_WARN_64_TO_32_BIT_CONVERSION = YES;
				GCC_WARN_ABOUT_RETURN_TYPE = YES_ERROR;
				GCC_WARN_UNDECLARED_SELECTOR = YES;
				GCC_WARN_UNINITIALIZED_AUTOS = YES_AGGRESSIVE;
				GCC_WARN_UNUSED_FUNCTION = YES;
				GCC_WARN_UNUSED_VARIABLE = YES;
				IPHONEOS_DEPLOYMENT_TARGET = 11.4;
				MTL_ENABLE_DEBUG_INFO = YES;
				ONLY_ACTIVE_ARCH = YES;
				SDKROOT = iphoneos;
				SWIFT_ACTIVE_COMPILATION_CONDITIONS = DEBUG;
				SWIFT_OPTIMIZATION_LEVEL = "-Onone";
			};
			name = Debug;
		};
		3353072C20E801F20098CC10 /* Release */ = {
			isa = XCBuildConfiguration;
			buildSettings = {
				ALWAYS_SEARCH_USER_PATHS = NO;
				CLANG_ANALYZER_NONNULL = YES;
				CLANG_ANALYZER_NUMBER_OBJECT_CONVERSION = YES_AGGRESSIVE;
				CLANG_CXX_LANGUAGE_STANDARD = "gnu++14";
				CLANG_CXX_LIBRARY = "libc++";
				CLANG_ENABLE_MODULES = YES;
				CLANG_ENABLE_OBJC_ARC = YES;
				CLANG_ENABLE_OBJC_WEAK = YES;
				CLANG_WARN_BLOCK_CAPTURE_AUTORELEASING = YES;
				CLANG_WARN_BOOL_CONVERSION = YES;
				CLANG_WARN_COMMA = YES;
				CLANG_WARN_CONSTANT_CONVERSION = YES;
				CLANG_WARN_DEPRECATED_OBJC_IMPLEMENTATIONS = YES;
				CLANG_WARN_DIRECT_OBJC_ISA_USAGE = YES_ERROR;
				CLANG_WARN_DOCUMENTATION_COMMENTS = YES;
				CLANG_WARN_EMPTY_BODY = YES;
				CLANG_WARN_ENUM_CONVERSION = YES;
				CLANG_WARN_INFINITE_RECURSION = YES;
				CLANG_WARN_INT_CONVERSION = YES;
				CLANG_WARN_NON_LITERAL_NULL_CONVERSION = YES;
				CLANG_WARN_OBJC_IMPLICIT_RETAIN_SELF = YES;
				CLANG_WARN_OBJC_LITERAL_CONVERSION = YES;
				CLANG_WARN_OBJC_ROOT_CLASS = YES_ERROR;
				CLANG_WARN_RANGE_LOOP_ANALYSIS = YES;
				CLANG_WARN_STRICT_PROTOTYPES = YES;
				CLANG_WARN_SUSPICIOUS_MOVE = YES;
				CLANG_WARN_UNGUARDED_AVAILABILITY = YES_AGGRESSIVE;
				CLANG_WARN_UNREACHABLE_CODE = YES;
				CLANG_WARN__DUPLICATE_METHOD_MATCH = YES;
				CODE_SIGN_IDENTITY = "iPhone Developer";
				COPY_PHASE_STRIP = NO;
				DEBUG_INFORMATION_FORMAT = "dwarf-with-dsym";
				ENABLE_NS_ASSERTIONS = NO;
				ENABLE_STRICT_OBJC_MSGSEND = YES;
				GCC_C_LANGUAGE_STANDARD = gnu11;
				GCC_NO_COMMON_BLOCKS = YES;
				GCC_WARN_64_TO_32_BIT_CONVERSION = YES;
				GCC_WARN_ABOUT_RETURN_TYPE = YES_ERROR;
				GCC_WARN_UNDECLARED_SELECTOR = YES;
				GCC_WARN_UNINITIALIZED_AUTOS = YES_AGGRESSIVE;
				GCC_WARN_UNUSED_FUNCTION = YES;
				GCC_WARN_UNUSED_VARIABLE = YES;
				IPHONEOS_DEPLOYMENT_TARGET = 11.4;
				MTL_ENABLE_DEBUG_INFO = NO;
				SDKROOT = iphoneos;
				SWIFT_COMPILATION_MODE = wholemodule;
				SWIFT_OPTIMIZATION_LEVEL = "-O";
				VALIDATE_PRODUCT = YES;
			};
			name = Release;
		};
		3353072E20E801F20098CC10 /* Debug */ = {
			isa = XCBuildConfiguration;
			baseConfigurationReference = A82100CB99CBB2E956BB684F /* Pods-Coffee!.debug.xcconfig */;
			buildSettings = {
				ASSETCATALOG_COMPILER_APPICON_NAME = AppIcon;
				CODE_SIGN_STYLE = Automatic;
				INFOPLIST_FILE = "Coffee!/Info.plist";
				LD_RUNPATH_SEARCH_PATHS = (
					"$(inherited)",
					"@executable_path/Frameworks",
				);
				PRODUCT_BUNDLE_IDENTIFIER = "com.example.Coffee-";
				PRODUCT_NAME = "$(TARGET_NAME)";
				SWIFT_VERSION = 4.0;
				TARGETED_DEVICE_FAMILY = "1,2";
			};
			name = Debug;
		};
		3353072F20E801F20098CC10 /* Release */ = {
			isa = XCBuildConfiguration;
			baseConfigurationReference = 5AF25A35CA962E95F2B29390 /* Pods-Coffee!.release.xcconfig */;
			buildSettings = {
				ASSETCATALOG_COMPILER_APPICON_NAME = AppIcon;
				CODE_SIGN_STYLE = Automatic;
				INFOPLIST_FILE = "Coffee!/Info.plist";
				LD_RUNPATH_SEARCH_PATHS = (
					"$(inherited)",
					"@executable_path/Frameworks",
				);
				PRODUCT_BUNDLE_IDENTIFIER = "com.example.Coffee-";
				PRODUCT_NAME = "$(TARGET_NAME)";
				SWIFT_VERSION = 4.0;
				TARGETED_DEVICE_FAMILY = "1,2";
			};
			name = Release;
		};
		3353073120E801F20098CC10 /* Debug */ = {
			isa = XCBuildConfiguration;
			buildSettings = {
				ALWAYS_EMBED_SWIFT_STANDARD_LIBRARIES = YES;
				BUNDLE_LOADER = "$(TEST_HOST)";
				CODE_SIGN_STYLE = Automatic;
				INFOPLIST_FILE = "Coffee!Tests/Info.plist";
				LD_RUNPATH_SEARCH_PATHS = (
					"$(inherited)",
					"@executable_path/Frameworks",
					"@loader_path/Frameworks",
				);
				PRODUCT_BUNDLE_IDENTIFIER = "com.example.Coffee-Tests";
				PRODUCT_NAME = "$(TARGET_NAME)";
				SWIFT_VERSION = 4.0;
				TARGETED_DEVICE_FAMILY = "1,2";
				TEST_HOST = "$(BUILT_PRODUCTS_DIR)/Coffee!.app/Coffee!";
			};
			name = Debug;
		};
		3353073220E801F20098CC10 /* Release */ = {
			isa = XCBuildConfiguration;
			buildSettings = {
				ALWAYS_EMBED_SWIFT_STANDARD_LIBRARIES = YES;
				BUNDLE_LOADER = "$(TEST_HOST)";
				CODE_SIGN_STYLE = Automatic;
				INFOPLIST_FILE = "Coffee!Tests/Info.plist";
				LD_RUNPATH_SEARCH_PATHS = (
					"$(inherited)",
					"@executable_path/Frameworks",
					"@loader_path/Frameworks",
				);
				PRODUCT_BUNDLE_IDENTIFIER = "com.example.Coffee-Tests";
				PRODUCT_NAME = "$(TARGET_NAME)";
				SWIFT_VERSION = 4.0;
				TARGETED_DEVICE_FAMILY = "1,2";
				TEST_HOST = "$(BUILT_PRODUCTS_DIR)/Coffee!.app/Coffee!";
			};
			name = Release;
		};
/* End XCBuildConfiguration section */

/* Begin XCConfigurationList section */
		3353070820E801F10098CC10 /* Build configuration list for PBXProject "Coffee!" */ = {
			isa = XCConfigurationList;
			buildConfigurations = (
				3353072B20E801F20098CC10 /* Debug */,
				3353072C20E801F20098CC10 /* Release */,
			);
			defaultConfigurationIsVisible = 0;
			defaultConfigurationName = Release;
		};
		3353072D20E801F20098CC10 /* Build configuration list for PBXNativeTarget "Coffee!" */ = {
			isa = XCConfigurationList;
			buildConfigurations = (
				3353072E20E801F20098CC10 /* Debug */,
				3353072F20E801F20098CC10 /* Release */,
			);
			defaultConfigurationIsVisible = 0;
			defaultConfigurationName = Release;
		};
		3353073020E801F20098CC10 /* Build configuration list for PBXNativeTarget "Coffee!Tests" */ = {
			isa = XCConfigurationList;
			buildConfigurations = (
				3353073120E801F20098CC10 /* Debug */,
				3353073220E801F20098CC10 /* Release */,
			);
			defaultConfigurationIsVisible = 0;
			defaultConfigurationName = Release;
		};
/* End XCConfigurationList section */

/* Begin XCVersionGroup section */
		3353071720E801F10098CC10 /* Coffee_.xcdatamodeld */ = {
			isa = XCVersionGroup;
			children = (
				3353071820E801F10098CC10 /* Coffee_.xcdatamodel */,
			);
			currentVersion = 3353071820E801F10098CC10 /* Coffee_.xcdatamodel */;
			path = Coffee_.xcdatamodeld;
			sourceTree = "<group>";
			versionGroupType = wrapper.xcdatamodel;
		};
/* End XCVersionGroup section */
	};
	rootObject = 3353070520E801F10098CC10 /* Project object */;
}
